
Microsoft Visual Studio Solution File, Format Version 9.00
# Visual Studio 2005
Project("{8BC9CEB8-8B4A-11D0-8D11-00A0C91BC942}") = "2k_mars", "2k_mars.vcproj", "{69A3E11C-E648-4BCB-9893-19931D9E7C98}"
EndProject
Global
	GlobalSection(SolutionConfigurationPlatforms) = preSolution
		Debug|Win32 = Debug|Win32
		Release|Win32 = Release|Win32
	EndGlobalSection
	GlobalSection(ProjectConfigurationPlatforms) = postSolution
		{69A3E11C-E648-4BCB-9893-19931D9E7C98}.Debug|Win32.ActiveCfg = Debug|Win32
		{69A3E11C-E648-4BCB-9893-19931D9E7C98}.Debug|Win32.Build.0 = Debug|Win32
		{69A3E11C-E648-4BCB-9893-19931D9E7C98}.Release|Win32.ActiveCfg = Release|Win32
		{69A3E11C-E648-4BCB-9893-19931D9E7C98}.Release|Win32.Build.0 = Release|Win32
	EndGlobalSection
	GlobalSection(SolutionProperties) = preSolution
		HideSolutionNode = FALSE
	EndGlobalSection
EndGlobal
