
Microsoft Visual Studio Solution File, Format Version 11.00
# Visual C++ Express 2010
Project("{8BC9CEB8-8B4A-11D0-8D11-00A0C91BC942}") = "Tiny_OGL", "Tiny_OGL.vcxproj", "{0F3C6429-8E84-4465-A710-96A8BED24C25}"
EndProject
Global
	GlobalSection(SolutionConfigurationPlatforms) = preSolution
		Debug|Win32 = Debug|Win32
		Release|Win32 = Release|Win32
		Unpacked|Win32 = Unpacked|Win32
	EndGlobalSection
	GlobalSection(ProjectConfigurationPlatforms) = postSolution
		{0F3C6429-8E84-4465-A710-96A8BED24C25}.Debug|Win32.ActiveCfg = Debug|Win32
		{0F3C6429-8E84-4465-A710-96A8BED24C25}.Debug|Win32.Build.0 = Debug|Win32
		{0F3C6429-8E84-4465-A710-96A8BED24C25}.Release|Win32.ActiveCfg = Release|Win32
		{0F3C6429-8E84-4465-A710-96A8BED24C25}.Release|Win32.Build.0 = Release|Win32
		{0F3C6429-8E84-4465-A710-96A8BED24C25}.Unpacked|Win32.ActiveCfg = Unpacked|Win32
		{0F3C6429-8E84-4465-A710-96A8BED24C25}.Unpacked|Win32.Build.0 = Unpacked|Win32
	EndGlobalSection
	GlobalSection(SolutionProperties) = preSolution
		HideSolutionNode = FALSE
	EndGlobalSection
EndGlobal
