
Microsoft Visual Studio Solution File, Format Version 10.00
# Visual C++ Express 2008
Project("{8BC9CEB8-8B4A-11D0-8D11-00A0C91BC942}") = "FromPlane2Color", "nuno.vcproj", "{524F0228-2D95-45D3-AE30-FBBCB0B1D69E}"
EndProject
Global
	GlobalSection(SolutionConfigurationPlatforms) = preSolution
		Debug|Win32 = Debug|Win32
		DebugFast|Win32 = DebugFast|Win32
		Demo|Win32 = Demo|Win32
		Demo1024x768|Win32 = Demo1024x768|Win32
		Demo1280x1024|Win32 = Demo1280x1024|Win32
		Demo1280x720|Win32 = Demo1280x720|Win32
		Demo1280x800|Win32 = Demo1280x800|Win32
		Demo1368x768|Win32 = Demo1368x768|Win32
		Demo1440x900|Win32 = Demo1440x900|Win32
		Demo1600x1200|Win32 = Demo1600x1200|Win32
		Demo1680x1050|Win32 = Demo1680x1050|Win32
		Demo1920x1080|Win32 = Demo1920x1080|Win32
		Demo1920x1200|Win32 = Demo1920x1200|Win32
		Demo800x600|Win32 = Demo800x600|Win32
		Release|Win32 = Release|Win32
	EndGlobalSection
	GlobalSection(ProjectConfigurationPlatforms) = postSolution
		{524F0228-2D95-45D3-AE30-FBBCB0B1D69E}.Debug|Win32.ActiveCfg = Debug|Win32
		{524F0228-2D95-45D3-AE30-FBBCB0B1D69E}.Debug|Win32.Build.0 = Debug|Win32
		{524F0228-2D95-45D3-AE30-FBBCB0B1D69E}.DebugFast|Win32.ActiveCfg = DebugFast|Win32
		{524F0228-2D95-45D3-AE30-FBBCB0B1D69E}.DebugFast|Win32.Build.0 = DebugFast|Win32
		{524F0228-2D95-45D3-AE30-FBBCB0B1D69E}.Demo|Win32.ActiveCfg = Demo|Win32
		{524F0228-2D95-45D3-AE30-FBBCB0B1D69E}.Demo|Win32.Build.0 = Demo|Win32
		{524F0228-2D95-45D3-AE30-FBBCB0B1D69E}.Demo1024x768|Win32.ActiveCfg = Demo1024x768|Win32
		{524F0228-2D95-45D3-AE30-FBBCB0B1D69E}.Demo1024x768|Win32.Build.0 = Demo1024x768|Win32
		{524F0228-2D95-45D3-AE30-FBBCB0B1D69E}.Demo1280x1024|Win32.ActiveCfg = Demo1280x1024|Win32
		{524F0228-2D95-45D3-AE30-FBBCB0B1D69E}.Demo1280x1024|Win32.Build.0 = Demo1280x1024|Win32
		{524F0228-2D95-45D3-AE30-FBBCB0B1D69E}.Demo1280x720|Win32.ActiveCfg = Demo1280x720|Win32
		{524F0228-2D95-45D3-AE30-FBBCB0B1D69E}.Demo1280x720|Win32.Build.0 = Demo1280x720|Win32
		{524F0228-2D95-45D3-AE30-FBBCB0B1D69E}.Demo1280x800|Win32.ActiveCfg = Demo1280x800|Win32
		{524F0228-2D95-45D3-AE30-FBBCB0B1D69E}.Demo1280x800|Win32.Build.0 = Demo1280x800|Win32
		{524F0228-2D95-45D3-AE30-FBBCB0B1D69E}.Demo1368x768|Win32.ActiveCfg = Demo1368x768|Win32
		{524F0228-2D95-45D3-AE30-FBBCB0B1D69E}.Demo1368x768|Win32.Build.0 = Demo1368x768|Win32
		{524F0228-2D95-45D3-AE30-FBBCB0B1D69E}.Demo1440x900|Win32.ActiveCfg = Demo1440x900|Win32
		{524F0228-2D95-45D3-AE30-FBBCB0B1D69E}.Demo1440x900|Win32.Build.0 = Demo1440x900|Win32
		{524F0228-2D95-45D3-AE30-FBBCB0B1D69E}.Demo1600x1200|Win32.ActiveCfg = Demo1600x1200|Win32
		{524F0228-2D95-45D3-AE30-FBBCB0B1D69E}.Demo1600x1200|Win32.Build.0 = Demo1600x1200|Win32
		{524F0228-2D95-45D3-AE30-FBBCB0B1D69E}.Demo1680x1050|Win32.ActiveCfg = Demo1680x1050|Win32
		{524F0228-2D95-45D3-AE30-FBBCB0B1D69E}.Demo1680x1050|Win32.Build.0 = Demo1680x1050|Win32
		{524F0228-2D95-45D3-AE30-FBBCB0B1D69E}.Demo1920x1080|Win32.ActiveCfg = Demo1920x1080|Win32
		{524F0228-2D95-45D3-AE30-FBBCB0B1D69E}.Demo1920x1080|Win32.Build.0 = Demo1920x1080|Win32
		{524F0228-2D95-45D3-AE30-FBBCB0B1D69E}.Demo1920x1200|Win32.ActiveCfg = Demo1920x1200|Win32
		{524F0228-2D95-45D3-AE30-FBBCB0B1D69E}.Demo1920x1200|Win32.Build.0 = Demo1920x1200|Win32
		{524F0228-2D95-45D3-AE30-FBBCB0B1D69E}.Demo800x600|Win32.ActiveCfg = Demo800x600|Win32
		{524F0228-2D95-45D3-AE30-FBBCB0B1D69E}.Demo800x600|Win32.Build.0 = Demo800x600|Win32
		{524F0228-2D95-45D3-AE30-FBBCB0B1D69E}.Release|Win32.ActiveCfg = Release|Win32
		{524F0228-2D95-45D3-AE30-FBBCB0B1D69E}.Release|Win32.Build.0 = Release|Win32
	EndGlobalSection
	GlobalSection(SolutionProperties) = preSolution
		HideSolutionNode = FALSE
	EndGlobalSection
EndGlobal
