
Microsoft Visual Studio Solution File, Format Version 11.00
# Visual C++ Express 2010
Project("{8BC9CEB8-8B4A-11D0-8D11-00A0C91BC942}") = "Heartburn", "Heartburn\Heartburn.vcxproj", "{C49D736B-2FC3-40DC-8680-6D36AA16820E}"
EndProject
Global
	GlobalSection(SolutionConfigurationPlatforms) = preSolution
		Debug|Win32 = Debug|Win32
		Release_640x480|Win32 = Release_640x480|Win32
		Safe_640x480|Win32 = Safe_640x480|Win32
	EndGlobalSection
	GlobalSection(ProjectConfigurationPlatforms) = postSolution
		{C49D736B-2FC3-40DC-8680-6D36AA16820E}.Debug|Win32.ActiveCfg = Debug|Win32
		{C49D736B-2FC3-40DC-8680-6D36AA16820E}.Debug|Win32.Build.0 = Debug|Win32
		{C49D736B-2FC3-40DC-8680-6D36AA16820E}.Release_640x480|Win32.ActiveCfg = Release_640x480|Win32
		{C49D736B-2FC3-40DC-8680-6D36AA16820E}.Release_640x480|Win32.Build.0 = Release_640x480|Win32
		{C49D736B-2FC3-40DC-8680-6D36AA16820E}.Safe_640x480|Win32.ActiveCfg = Safe_640x480|Win32
		{C49D736B-2FC3-40DC-8680-6D36AA16820E}.Safe_640x480|Win32.Build.0 = Safe_640x480|Win32
		{C49D736B-2FC3-40DC-8680-6D36AA16820E}.Release_800x600|Win32.ActiveCfg = Release_800x600|Win32
		{C49D736B-2FC3-40DC-8680-6D36AA16820E}.Release_800x600|Win32.Build.0 = Release_800x600|Win32
		{C49D736B-2FC3-40DC-8680-6D36AA16820E}.Safe_800x600|Win32.ActiveCfg = Safe_800x600|Win32
		{C49D736B-2FC3-40DC-8680-6D36AA16820E}.Safe_800x600|Win32.Build.0 = Safe_800x600|Win32
		{C49D736B-2FC3-40DC-8680-6D36AA16820E}.Release_1024x768|Win32.ActiveCfg = Release_1024x768|Win32
		{C49D736B-2FC3-40DC-8680-6D36AA16820E}.Release_1024x768|Win32.Build.0 = Release_1024x768|Win32
		{C49D736B-2FC3-40DC-8680-6D36AA16820E}.Safe_1024x768|Win32.ActiveCfg = Safe_1024x768|Win32
		{C49D736B-2FC3-40DC-8680-6D36AA16820E}.Safe_1024x768|Win32.Build.0 = Safe_1024x768|Win32
		{C49D736B-2FC3-40DC-8680-6D36AA16820E}.Release_1280x768|Win32.ActiveCfg = Release_1280x768|Win32
		{C49D736B-2FC3-40DC-8680-6D36AA16820E}.Release_1280x768|Win32.Build.0 = Release_1280x768|Win32
		{C49D736B-2FC3-40DC-8680-6D36AA16820E}.Safe_1280x768|Win32.ActiveCfg = Safe_1280x768|Win32
		{C49D736B-2FC3-40DC-8680-6D36AA16820E}.Safe_1280x768|Win32.Build.0 = Safe_1280x768|Win32
		{C49D736B-2FC3-40DC-8680-6D36AA16820E}.Release_1280x1024|Win32.ActiveCfg = Release_1280x1024|Win32
		{C49D736B-2FC3-40DC-8680-6D36AA16820E}.Release_1280x1024|Win32.Build.0 = Release_1280x1024|Win32
		{C49D736B-2FC3-40DC-8680-6D36AA16820E}.Safe_1280x1024|Win32.ActiveCfg = Safe_1280x1024|Win32
		{C49D736B-2FC3-40DC-8680-6D36AA16820E}.Safe_1280x1024|Win32.Build.0 = Safe_1280x1024|Win32
		{C49D736B-2FC3-40DC-8680-6D36AA16820E}.Release_1366x768|Win32.ActiveCfg = Release_1366x768|Win32
		{C49D736B-2FC3-40DC-8680-6D36AA16820E}.Release_1366x768|Win32.Build.0 = Release_1366x768|Win32
		{C49D736B-2FC3-40DC-8680-6D36AA16820E}.Safe_1366x768|Win32.ActiveCfg = Safe_1366x768|Win32
		{C49D736B-2FC3-40DC-8680-6D36AA16820E}.Safe_1366x768|Win32.Build.0 = Safe_1366x768|Win32
		{C49D736B-2FC3-40DC-8680-6D36AA16820E}.Release_1650x1080|Win32.ActiveCfg = Release_1650x1080|Win32
		{C49D736B-2FC3-40DC-8680-6D36AA16820E}.Release_1650x1080|Win32.Build.0 = Release_1650x1080|Win32
		{C49D736B-2FC3-40DC-8680-6D36AA16820E}.Safe_1650x1080|Win32.ActiveCfg = Safe_1650x1080|Win32
		{C49D736B-2FC3-40DC-8680-6D36AA16820E}.Safe_1650x1080|Win32.Build.0 = Safe_1650x1080|Win32
	EndGlobalSection
	GlobalSection(SolutionProperties) = preSolution
		HideSolutionNode = FALSE
	EndGlobalSection
EndGlobal
